
Microsoft Visual Studio Solution File, Format Version 12.00
# Visual Studio Version 16
VisualStudioVersion = 16.0.808.4
MinimumVisualStudioVersion = 10.0.40219.1
Project("{FAE04EC0-301F-11D3-BF4B-00C04F79EFBC}") = "AngJobs", "AngJobs.csproj", "{F962E49E-4CDD-4A82-BA49-F9C471F9B249}"
EndProject
Project("{E53339B2-1760-4266-BCC7-CA923CBCF16C}") = "docker-compose", "docker-compose.dcproj", "{CC7D8BD2-CB1D-4325-8AB8-3D610B542076}"
EndProject
Global
	GlobalSection(SolutionConfigurationPlatforms) = preSolution
		Debug|Any CPU = Debug|Any CPU
		Release|Any CPU = Release|Any CPU
	EndGlobalSection
	GlobalSection(ProjectConfigurationPlatforms) = postSolution
		{F962E49E-4CDD-4A82-BA49-F9C471F9B249}.Debug|Any CPU.ActiveCfg = Debug|Any CPU
		{F962E49E-4CDD-4A82-BA49-F9C471F9B249}.Debug|Any CPU.Build.0 = Debug|Any CPU
		{F962E49E-4CDD-4A82-BA49-F9C471F9B249}.Release|Any CPU.ActiveCfg = Release|Any CPU
		{F962E49E-4CDD-4A82-BA49-F9C471F9B249}.Release|Any CPU.Build.0 = Release|Any CPU
		{CC7D8BD2-CB1D-4325-8AB8-3D610B542076}.Debug|Any CPU.ActiveCfg = Debug|Any CPU
		{CC7D8BD2-CB1D-4325-8AB8-3D610B542076}.Debug|Any CPU.Build.0 = Debug|Any CPU
		{CC7D8BD2-CB1D-4325-8AB8-3D610B542076}.Release|Any CPU.ActiveCfg = Release|Any CPU
		{CC7D8BD2-CB1D-4325-8AB8-3D610B542076}.Release|Any CPU.Build.0 = Release|Any CPU
	EndGlobalSection
	GlobalSection(SolutionProperties) = preSolution
		HideSolutionNode = FALSE
	EndGlobalSection
	GlobalSection(ExtensibilityGlobals) = postSolution
		SolutionGuid = {6866E2E2-51AE-4C39-B9FC-07DB145E6653}
	EndGlobalSection
EndGlobal
