
Microsoft Visual Studio Solution File, Format Version 12.00
# Visual Studio 2013
VisualStudioVersion = 12.0.31101.0
MinimumVisualStudioVersion = 10.0.40219.1
Project("{FAE04EC0-301F-11D3-BF4B-00C04F79EFBC}") = "AngJobs", "AngJobs\AngJobs.csproj", "{0AB0A3F4-F35F-4F99-8F53-E1DDD4A2227F}"
EndProject
Project("{FAE04EC0-301F-11D3-BF4B-00C04F79EFBC}") = "AngJobs.Android", "AngJobs.Android\AngJobs.Android.csproj", "{8E6A64CF-209E-4790-BAE3-A10CE4B76B28}"
EndProject
Global
	GlobalSection(SolutionConfigurationPlatforms) = preSolution
		Debug|Any CPU = Debug|Any CPU
		Release|Any CPU = Release|Any CPU
	EndGlobalSection
	GlobalSection(ProjectConfigurationPlatforms) = postSolution
		{0AB0A3F4-F35F-4F99-8F53-E1DDD4A2227F}.Debug|Any CPU.ActiveCfg = Debug|Any CPU
		{0AB0A3F4-F35F-4F99-8F53-E1DDD4A2227F}.Debug|Any CPU.Build.0 = Debug|Any CPU
		{0AB0A3F4-F35F-4F99-8F53-E1DDD4A2227F}.Release|Any CPU.ActiveCfg = Release|Any CPU
		{0AB0A3F4-F35F-4F99-8F53-E1DDD4A2227F}.Release|Any CPU.Build.0 = Release|Any CPU
		{8E6A64CF-209E-4790-BAE3-A10CE4B76B28}.Debug|Any CPU.ActiveCfg = Debug|Any CPU
		{8E6A64CF-209E-4790-BAE3-A10CE4B76B28}.Debug|Any CPU.Build.0 = Debug|Any CPU
		{8E6A64CF-209E-4790-BAE3-A10CE4B76B28}.Release|Any CPU.ActiveCfg = Release|Any CPU
		{8E6A64CF-209E-4790-BAE3-A10CE4B76B28}.Release|Any CPU.Build.0 = Release|Any CPU
	EndGlobalSection
	GlobalSection(SolutionProperties) = preSolution
		HideSolutionNode = FALSE
	EndGlobalSection
EndGlobal
